
Microsoft Visual Studio Solution File, Format Version 12.00
# Visual Studio 2013
VisualStudioVersion = 12.0.20827.3
MinimumVisualStudioVersion = 10.0.40219.1
Project("{FAE04EC0-301F-11D3-BF4B-00C04F79EFBC}") = "CSharpStringEscape", "WebApplication1\CSharpStringEscape.csproj", "{B17F605D-01EB-46D0-BEDB-9AC41E7CB19A}"
EndProject
Global
	GlobalSection(SolutionConfigurationPlatforms) = preSolution
		Debug|Any CPU = Debug|Any CPU
		Release|Any CPU = Release|Any CPU
	EndGlobalSection
	GlobalSection(ProjectConfigurationPlatforms) = postSolution
		{B17F605D-01EB-46D0-BEDB-9AC41E7CB19A}.Debug|Any CPU.ActiveCfg = Debug|Any CPU
		{B17F605D-01EB-46D0-BEDB-9AC41E7CB19A}.Debug|Any CPU.Build.0 = Debug|Any CPU
		{B17F605D-01EB-46D0-BEDB-9AC41E7CB19A}.Release|Any CPU.ActiveCfg = Release|Any CPU
		{B17F605D-01EB-46D0-BEDB-9AC41E7CB19A}.Release|Any CPU.Build.0 = Release|Any CPU
	EndGlobalSection
	GlobalSection(SolutionProperties) = preSolution
		HideSolutionNode = FALSE
	EndGlobalSection
EndGlobal
